// !$*UTF8*$!
{
	archiveVersion = 1;
	classes = {
	};
	objectVersion = 56;
	objects = {

/* Begin PBXBuildFile section */
		207456D52BC71E34006423FD /* UserService.swift in Sources */ = {isa = PBXBuildFile; fileRef = 207456D42BC71E34006423FD /* UserService.swift */; };
		207B1DFC2BC8B154004D6A8D /* UserDetail.swift in Sources */ = {isa = PBXBuildFile; fileRef = 207B1DFB2BC8B154004D6A8D /* UserDetail.swift */; };
		207B1DFE2BC8B176004D6A8D /* Respuesta.swift in Sources */ = {isa = PBXBuildFile; fileRef = 207B1DFD2BC8B176004D6A8D /* Respuesta.swift */; };
		207B1E012BC8B1AC004D6A8D /* ProfileView.swift in Sources */ = {isa = PBXBuildFile; fileRef = 207B1E002BC8B1AC004D6A8D /* ProfileView.swift */; };
		207B1E042BC8B1CF004D6A8D /* ChangePasswordView.swift in Sources */ = {isa = PBXBuildFile; fileRef = 207B1E032BC8B1CF004D6A8D /* ChangePasswordView.swift */; };
		20DA18712BA42EA0005A1D11 /* Constants.swift in Sources */ = {isa = PBXBuildFile; fileRef = 20DA18702BA42EA0005A1D11 /* Constants.swift */; };
		20DA18732BA42EB0005A1D11 /* ChatViewModel.swift in Sources */ = {isa = PBXBuildFile; fileRef = 20DA18722BA42EB0005A1D11 /* ChatViewModel.swift */; };
		20DA18752BA42EB7005A1D11 /* ChatView.swift in Sources */ = {isa = PBXBuildFile; fileRef = 20DA18742BA42EB7005A1D11 /* ChatView.swift */; };
		20DA18772BA42EC3005A1D11 /* OpenAIService.swift in Sources */ = {isa = PBXBuildFile; fileRef = 20DA18762BA42EC3005A1D11 /* OpenAIService.swift */; };
		20DA187B2BA42F5A005A1D11 /* Assets.xcassets in Resources */ = {isa = PBXBuildFile; fileRef = 20DA187A2BA42F5A005A1D11 /* Assets.xcassets */; };
		20DA187E2BA42F7B005A1D11 /* Alamofire in Frameworks */ = {isa = PBXBuildFile; productRef = 20DA187D2BA42F7B005A1D11 /* Alamofire */; };
		20DA18802BA42F7B005A1D11 /* AlamofireDynamic in Frameworks */ = {isa = PBXBuildFile; productRef = 20DA187F2BA42F7B005A1D11 /* AlamofireDynamic */; };
		20E8C0642BC9B9F1009467CA /* radio_pulmones.jpeg in Resources */ = {isa = PBXBuildFile; fileRef = 20E8C0632BC9B9F1009467CA /* radio_pulmones.jpeg */; };
		20E8C0692BC9C645009467CA /* UIImage+Extensions.swift in Sources */ = {isa = PBXBuildFile; fileRef = 20E8C0662BC9C644009467CA /* UIImage+Extensions.swift */; };
		20E8C06A2BC9C645009467CA /* ImagePicker.swift in Sources */ = {isa = PBXBuildFile; fileRef = 20E8C0672BC9C644009467CA /* ImagePicker.swift */; };
		20E8C06C2BC9C81C009467CA /* iMikers_RayosX.mlpackage in Sources */ = {isa = PBXBuildFile; fileRef = 20E8C06B2BC9C81C009467CA /* iMikers_RayosX.mlpackage */; };
		BB30052F2B91702C003E5D35 /* LogInView.swift in Sources */ = {isa = PBXBuildFile; fileRef = BB30052E2B91702B003E5D35 /* LogInView.swift */; };
		BB3005312B917280003E5D35 /* SignUpView.swift in Sources */ = {isa = PBXBuildFile; fileRef = BB3005302B917280003E5D35 /* SignUpView.swift */; };
		BB3005332B9172A7003E5D35 /* MenuView.swift in Sources */ = {isa = PBXBuildFile; fileRef = BB3005322B9172A7003E5D35 /* MenuView.swift */; };
		BB575DFD2B9106D300C4BCF8 /* RealityKitContent in Frameworks */ = {isa = PBXBuildFile; productRef = BB575DFC2B9106D300C4BCF8 /* RealityKitContent */; };
		BB575DFF2B9106D300C4BCF8 /* Reto_InicialApp.swift in Sources */ = {isa = PBXBuildFile; fileRef = BB575DFE2B9106D300C4BCF8 /* Reto_InicialApp.swift */; };
		BB575E012B9106D300C4BCF8 /* ContentView.swift in Sources */ = {isa = PBXBuildFile; fileRef = BB575E002B9106D300C4BCF8 /* ContentView.swift */; };
		BB575E032B9106D300C4BCF8 /* ImmersiveView.swift in Sources */ = {isa = PBXBuildFile; fileRef = BB575E022B9106D300C4BCF8 /* ImmersiveView.swift */; };
		BB575E052B9106D300C4BCF8 /* ImageBasedLighting.skybox in Resources */ = {isa = PBXBuildFile; fileRef = BB575E042B9106D300C4BCF8 /* ImageBasedLighting.skybox */; };
		BB575E0A2B9106D400C4BCF8 /* Preview Assets.xcassets in Resources */ = {isa = PBXBuildFile; fileRef = BB575E092B9106D400C4BCF8 /* Preview Assets.xcassets */; };
		BBBF0F702BA3E24C00954478 /* Pridi-Medium.ttf in Resources */ = {isa = PBXBuildFile; fileRef = BBBF0F6F2BA3E24C00954478 /* Pridi-Medium.ttf */; };
		BBBF0F722BA3E25900954478 /* Pridi-Light.ttf in Resources */ = {isa = PBXBuildFile; fileRef = BBBF0F712BA3E25900954478 /* Pridi-Light.ttf */; };
		BBBF0F742BA3F30400954478 /* Philosopher-Bold.ttf in Resources */ = {isa = PBXBuildFile; fileRef = BBBF0F732BA3F30400954478 /* Philosopher-Bold.ttf */; };
/* End PBXBuildFile section */

/* Begin PBXFileReference section */
		207456D42BC71E34006423FD /* UserService.swift */ = {isa = PBXFileReference; lastKnownFileType = sourcecode.swift; path = UserService.swift; sourceTree = "<group>"; };
		207B1DFB2BC8B154004D6A8D /* UserDetail.swift */ = {isa = PBXFileReference; lastKnownFileType = sourcecode.swift; path = UserDetail.swift; sourceTree = "<group>"; };
		207B1DFD2BC8B176004D6A8D /* Respuesta.swift */ = {isa = PBXFileReference; lastKnownFileType = sourcecode.swift; path = Respuesta.swift; sourceTree = "<group>"; };
		207B1E002BC8B1AC004D6A8D /* ProfileView.swift */ = {isa = PBXFileReference; lastKnownFileType = sourcecode.swift; path = ProfileView.swift; sourceTree = "<group>"; };
		207B1E032BC8B1CF004D6A8D /* ChangePasswordView.swift */ = {isa = PBXFileReference; lastKnownFileType = sourcecode.swift; path = ChangePasswordView.swift; sourceTree = "<group>"; };
		20DA18702BA42EA0005A1D11 /* Constants.swift */ = {isa = PBXFileReference; fileEncoding = 4; lastKnownFileType = sourcecode.swift; path = Constants.swift; sourceTree = "<group>"; };
		20DA18722BA42EB0005A1D11 /* ChatViewModel.swift */ = {isa = PBXFileReference; fileEncoding = 4; lastKnownFileType = sourcecode.swift; path = ChatViewModel.swift; sourceTree = "<group>"; };
		20DA18742BA42EB7005A1D11 /* ChatView.swift */ = {isa = PBXFileReference; fileEncoding = 4; lastKnownFileType = sourcecode.swift; path = ChatView.swift; sourceTree = "<group>"; };
		20DA18762BA42EC3005A1D11 /* OpenAIService.swift */ = {isa = PBXFileReference; fileEncoding = 4; lastKnownFileType = sourcecode.swift; path = OpenAIService.swift; sourceTree = "<group>"; };
		20DA187A2BA42F5A005A1D11 /* Assets.xcassets */ = {isa = PBXFileReference; lastKnownFileType = folder.assetcatalog; path = Assets.xcassets; sourceTree = "<group>"; };
		20E8C0632BC9B9F1009467CA /* radio_pulmones.jpeg */ = {isa = PBXFileReference; lastKnownFileType = image.jpeg; path = radio_pulmones.jpeg; sourceTree = "<group>"; };
		20E8C0662BC9C644009467CA /* UIImage+Extensions.swift */ = {isa = PBXFileReference; fileEncoding = 4; lastKnownFileType = sourcecode.swift; path = "UIImage+Extensions.swift"; sourceTree = "<group>"; };
		20E8C0672BC9C644009467CA /* ImagePicker.swift */ = {isa = PBXFileReference; fileEncoding = 4; lastKnownFileType = sourcecode.swift; path = ImagePicker.swift; sourceTree = "<group>"; };
		20E8C06B2BC9C81C009467CA /* iMikers_RayosX.mlpackage */ = {isa = PBXFileReference; lastKnownFileType = folder.mlpackage; path = iMikers_RayosX.mlpackage; sourceTree = "<group>"; };
		BB30052E2B91702B003E5D35 /* LogInView.swift */ = {isa = PBXFileReference; lastKnownFileType = sourcecode.swift; path = LogInView.swift; sourceTree = "<group>"; };
		BB3005302B917280003E5D35 /* SignUpView.swift */ = {isa = PBXFileReference; lastKnownFileType = sourcecode.swift; path = SignUpView.swift; sourceTree = "<group>"; };
		BB3005322B9172A7003E5D35 /* MenuView.swift */ = {isa = PBXFileReference; lastKnownFileType = sourcecode.swift; path = MenuView.swift; sourceTree = "<group>"; };
		BB575DF72B9106D300C4BCF8 /* Reto_Inicial.app */ = {isa = PBXFileReference; explicitFileType = wrapper.application; includeInIndex = 0; path = Reto_Inicial.app; sourceTree = BUILT_PRODUCTS_DIR; };
		BB575DFB2B9106D300C4BCF8 /* RealityKitContent */ = {isa = PBXFileReference; lastKnownFileType = wrapper; path = RealityKitContent; sourceTree = "<group>"; };
		BB575DFE2B9106D300C4BCF8 /* Reto_InicialApp.swift */ = {isa = PBXFileReference; lastKnownFileType = sourcecode.swift; path = Reto_InicialApp.swift; sourceTree = "<group>"; };
		BB575E002B9106D300C4BCF8 /* ContentView.swift */ = {isa = PBXFileReference; lastKnownFileType = sourcecode.swift; path = ContentView.swift; sourceTree = "<group>"; };
		BB575E022B9106D300C4BCF8 /* ImmersiveView.swift */ = {isa = PBXFileReference; lastKnownFileType = sourcecode.swift; path = ImmersiveView.swift; sourceTree = "<group>"; };
		BB575E042B9106D300C4BCF8 /* ImageBasedLighting.skybox */ = {isa = PBXFileReference; lastKnownFileType = file.skybox; path = ImageBasedLighting.skybox; sourceTree = "<group>"; };
		BB575E092B9106D400C4BCF8 /* Preview Assets.xcassets */ = {isa = PBXFileReference; lastKnownFileType = folder.assetcatalog; path = "Preview Assets.xcassets"; sourceTree = "<group>"; };
		BB575E0B2B9106D400C4BCF8 /* Info.plist */ = {isa = PBXFileReference; lastKnownFileType = text.plist.xml; path = Info.plist; sourceTree = "<group>"; };
		BBBF0F6F2BA3E24C00954478 /* Pridi-Medium.ttf */ = {isa = PBXFileReference; lastKnownFileType = file; path = "Pridi-Medium.ttf"; sourceTree = "<group>"; };
		BBBF0F712BA3E25900954478 /* Pridi-Light.ttf */ = {isa = PBXFileReference; lastKnownFileType = file; path = "Pridi-Light.ttf"; sourceTree = "<group>"; };
		BBBF0F732BA3F30400954478 /* Philosopher-Bold.ttf */ = {isa = PBXFileReference; lastKnownFileType = file; path = "Philosopher-Bold.ttf"; sourceTree = "<group>"; };
/* End PBXFileReference section */

/* Begin PBXFrameworksBuildPhase section */
		BB575DF42B9106D300C4BCF8 /* Frameworks */ = {
			isa = PBXFrameworksBuildPhase;
			buildActionMask = 2147483647;
			files = (
				BB575DFD2B9106D300C4BCF8 /* RealityKitContent in Frameworks */,
				20DA18802BA42F7B005A1D11 /* AlamofireDynamic in Frameworks */,
				20DA187E2BA42F7B005A1D11 /* Alamofire in Frameworks */,
			);
			runOnlyForDeploymentPostprocessing = 0;
		};
/* End PBXFrameworksBuildPhase section */

/* Begin PBXGroup section */
		207B1DFF2BC8B194004D6A8D /* Profile */ = {
			isa = PBXGroup;
			children = (
				207B1E002BC8B1AC004D6A8D /* ProfileView.swift */,
				207B1E032BC8B1CF004D6A8D /* ChangePasswordView.swift */,
			);
			path = Profile;
			sourceTree = "<group>";
		};
		207B1E062BC8B1FC004D6A8D /* User Session */ = {
			isa = PBXGroup;
			children = (
				BB3005302B917280003E5D35 /* SignUpView.swift */,
				BB30052E2B91702B003E5D35 /* LogInView.swift */,
			);
			path = "User Session";
			sourceTree = "<group>";
		};
		207B1E072BC8B24E004D6A8D /* Quizz */ = {
			isa = PBXGroup;
			children = (
			);
			path = Quizz;
			sourceTree = "<group>";
		};
		207B1E0E2BC8EAF4004D6A8D /* ModeloML */ = {
			isa = PBXGroup;
			children = (
			);
			path = ModeloML;
			sourceTree = "<group>";
		};
		20DA186F2BA42E88005A1D11 /* ChatBotGPT */ = {
			isa = PBXGroup;
			children = (
				20DA18762BA42EC3005A1D11 /* OpenAIService.swift */,
				20DA18742BA42EB7005A1D11 /* ChatView.swift */,
				20DA18722BA42EB0005A1D11 /* ChatViewModel.swift */,
				20DA18702BA42EA0005A1D11 /* Constants.swift */,
			);
			path = ChatBotGPT;
			sourceTree = "<group>";
		};
		20DA188A2BA56904005A1D11 /* Views */ = {
			isa = PBXGroup;
			children = (
				207B1E072BC8B24E004D6A8D /* Quizz */,
				207B1E062BC8B1FC004D6A8D /* User Session */,
				207B1DFF2BC8B194004D6A8D /* Profile */,
				BB575E002B9106D300C4BCF8 /* ContentView.swift */,
				20E8C0672BC9C644009467CA /* ImagePicker.swift */,
				20E8C06B2BC9C81C009467CA /* iMikers_RayosX.mlpackage */,
				20E8C0662BC9C644009467CA /* UIImage+Extensions.swift */,
				207B1E0E2BC8EAF4004D6A8D /* ModeloML */,
				BB575E022B9106D300C4BCF8 /* ImmersiveView.swift */,
				BB3005322B9172A7003E5D35 /* MenuView.swift */,
				207456D42BC71E34006423FD /* UserService.swift */,
				207B1DFB2BC8B154004D6A8D /* UserDetail.swift */,
				207B1DFD2BC8B176004D6A8D /* Respuesta.swift */,
			);
			path = Views;
			sourceTree = "<group>";
		};
		BB575DEE2B9106D300C4BCF8 = {
			isa = PBXGroup;
			children = (
				BB575DF92B9106D300C4BCF8 /* Reto_Inicial */,
				BBBF0F6E2BA3E21800954478 /* Fonts */,
				BB575DFA2B9106D300C4BCF8 /* Packages */,
				BB575DF82B9106D300C4BCF8 /* Products */,
			);
			sourceTree = "<group>";
		};
		BB575DF82B9106D300C4BCF8 /* Products */ = {
			isa = PBXGroup;
			children = (
				BB575DF72B9106D300C4BCF8 /* Reto_Inicial.app */,
			);
			name = Products;
			sourceTree = "<group>";
		};
		BB575DF92B9106D300C4BCF8 /* Reto_Inicial */ = {
			isa = PBXGroup;
			children = (
				BB575DFE2B9106D300C4BCF8 /* Reto_InicialApp.swift */,
				20DA188A2BA56904005A1D11 /* Views */,
				20DA186F2BA42E88005A1D11 /* ChatBotGPT */,
				BB575E042B9106D300C4BCF8 /* ImageBasedLighting.skybox */,
				20DA187A2BA42F5A005A1D11 /* Assets.xcassets */,
				20E8C0632BC9B9F1009467CA /* radio_pulmones.jpeg */,
				BB575E0B2B9106D400C4BCF8 /* Info.plist */,
				BB575E082B9106D400C4BCF8 /* Preview Content */,
			);
			path = Reto_Inicial;
			sourceTree = "<group>";
		};
		BB575DFA2B9106D300C4BCF8 /* Packages */ = {
			isa = PBXGroup;
			children = (
				BB575DFB2B9106D300C4BCF8 /* RealityKitContent */,
			);
			path = Packages;
			sourceTree = "<group>";
		};
		BB575E082B9106D400C4BCF8 /* Preview Content */ = {
			isa = PBXGroup;
			children = (
				BB575E092B9106D400C4BCF8 /* Preview Assets.xcassets */,
			);
			path = "Preview Content";
			sourceTree = "<group>";
		};
		BBBF0F6E2BA3E21800954478 /* Fonts */ = {
			isa = PBXGroup;
			children = (
				BBBF0F6F2BA3E24C00954478 /* Pridi-Medium.ttf */,
				BBBF0F712BA3E25900954478 /* Pridi-Light.ttf */,
				BBBF0F732BA3F30400954478 /* Philosopher-Bold.ttf */,
			);
			path = Fonts;
			sourceTree = "<group>";
		};
/* End PBXGroup section */

/* Begin PBXNativeTarget section */
		BB575DF62B9106D300C4BCF8 /* Reto_Inicial */ = {
			isa = PBXNativeTarget;
			buildConfigurationList = BB575E0E2B9106D400C4BCF8 /* Build configuration list for PBXNativeTarget "Reto_Inicial" */;
			buildPhases = (
				BB575DF32B9106D300C4BCF8 /* Sources */,
				BB575DF42B9106D300C4BCF8 /* Frameworks */,
				BB575DF52B9106D300C4BCF8 /* Resources */,
			);
			buildRules = (
			);
			dependencies = (
			);
			name = Reto_Inicial;
			packageProductDependencies = (
				BB575DFC2B9106D300C4BCF8 /* RealityKitContent */,
				20DA187D2BA42F7B005A1D11 /* Alamofire */,
				20DA187F2BA42F7B005A1D11 /* AlamofireDynamic */,
			);
			productName = Reto_Inicial;
			productReference = BB575DF72B9106D300C4BCF8 /* Reto_Inicial.app */;
			productType = "com.apple.product-type.application";
		};
/* End PBXNativeTarget section */

/* Begin PBXProject section */
		BB575DEF2B9106D300C4BCF8 /* Project object */ = {
			isa = PBXProject;
			attributes = {
				BuildIndependentTargetsInParallel = 1;
				LastSwiftUpdateCheck = 1520;
				LastUpgradeCheck = 1520;
				TargetAttributes = {
					BB575DF62B9106D300C4BCF8 = {
						CreatedOnToolsVersion = 15.2;
					};
				};
			};
			buildConfigurationList = BB575DF22B9106D300C4BCF8 /* Build configuration list for PBXProject "Reto_Inicial" */;
			compatibilityVersion = "Xcode 14.0";
			developmentRegion = en;
			hasScannedForEncodings = 0;
			knownRegions = (
				en,
				Base,
			);
			mainGroup = BB575DEE2B9106D300C4BCF8;
			packageReferences = (
				20DA187C2BA42F7B005A1D11 /* XCRemoteSwiftPackageReference "Alamofire" */,
			);
			productRefGroup = BB575DF82B9106D300C4BCF8 /* Products */;
			projectDirPath = "";
			projectRoot = "";
			targets = (
				BB575DF62B9106D300C4BCF8 /* Reto_Inicial */,
			);
		};
/* End PBXProject section */

/* Begin PBXResourcesBuildPhase section */
		BB575DF52B9106D300C4BCF8 /* Resources */ = {
			isa = PBXResourcesBuildPhase;
			buildActionMask = 2147483647;
			files = (
				BBBF0F742BA3F30400954478 /* Philosopher-Bold.ttf in Resources */,
				BBBF0F722BA3E25900954478 /* Pridi-Light.ttf in Resources */,
				BBBF0F702BA3E24C00954478 /* Pridi-Medium.ttf in Resources */,
				BB575E0A2B9106D400C4BCF8 /* Preview Assets.xcassets in Resources */,
				20DA187B2BA42F5A005A1D11 /* Assets.xcassets in Resources */,
				BB575E052B9106D300C4BCF8 /* ImageBasedLighting.skybox in Resources */,
				20E8C0642BC9B9F1009467CA /* radio_pulmones.jpeg in Resources */,
			);
			runOnlyForDeploymentPostprocessing = 0;
		};
/* End PBXResourcesBuildPhase section */

/* Begin PBXSourcesBuildPhase section */
		BB575DF32B9106D300C4BCF8 /* Sources */ = {
			isa = PBXSourcesBuildPhase;
			buildActionMask = 2147483647;
			files = (
				20DA18732BA42EB0005A1D11 /* ChatViewModel.swift in Sources */,
				207B1E042BC8B1CF004D6A8D /* ChangePasswordView.swift in Sources */,
				20E8C06C2BC9C81C009467CA /* iMikers_RayosX.mlpackage in Sources */,
				20DA18772BA42EC3005A1D11 /* OpenAIService.swift in Sources */,
				207B1DFE2BC8B176004D6A8D /* Respuesta.swift in Sources */,
				207456D52BC71E34006423FD /* UserService.swift in Sources */,
				BB3005332B9172A7003E5D35 /* MenuView.swift in Sources */,
				BB30052F2B91702C003E5D35 /* LogInView.swift in Sources */,
				20DA18752BA42EB7005A1D11 /* ChatView.swift in Sources */,
				BB575E012B9106D300C4BCF8 /* ContentView.swift in Sources */,
				20E8C06A2BC9C645009467CA /* ImagePicker.swift in Sources */,
				BB575DFF2B9106D300C4BCF8 /* Reto_InicialApp.swift in Sources */,
				20E8C0692BC9C645009467CA /* UIImage+Extensions.swift in Sources */,
				207B1DFC2BC8B154004D6A8D /* UserDetail.swift in Sources */,
				BB3005312B917280003E5D35 /* SignUpView.swift in Sources */,
				BB575E032B9106D300C4BCF8 /* ImmersiveView.swift in Sources */,
				207B1E012BC8B1AC004D6A8D /* ProfileView.swift in Sources */,
				20DA18712BA42EA0005A1D11 /* Constants.swift in Sources */,
			);
			runOnlyForDeploymentPostprocessing = 0;
		};
/* End PBXSourcesBuildPhase section */

/* Begin XCBuildConfiguration section */
		BB575E0C2B9106D400C4BCF8 /* Debug */ = {
			isa = XCBuildConfiguration;
			buildSettings = {
				ALWAYS_SEARCH_USER_PATHS = NO;
				ASSETCATALOG_COMPILER_GENERATE_SWIFT_ASSET_SYMBOL_EXTENSIONS = YES;
				CLANG_ANALYZER_NONNULL = YES;
				CLANG_ANALYZER_NUMBER_OBJECT_CONVERSION = YES_AGGRESSIVE;
				CLANG_CXX_LANGUAGE_STANDARD = "gnu++20";
				CLANG_ENABLE_MODULES = YES;
				CLANG_ENABLE_OBJC_ARC = YES;
				CLANG_ENABLE_OBJC_WEAK = YES;
				CLANG_WARN_BLOCK_CAPTURE_AUTORELEASING = YES;
				CLANG_WARN_BOOL_CONVERSION = YES;
				CLANG_WARN_COMMA = YES;
				CLANG_WARN_CONSTANT_CONVERSION = YES;
				CLANG_WARN_DEPRECATED_OBJC_IMPLEMENTATIONS = YES;
				CLANG_WARN_DIRECT_OBJC_ISA_USAGE = YES_ERROR;
				CLANG_WARN_DOCUMENTATION_COMMENTS = YES;
				CLANG_WARN_EMPTY_BODY = YES;
				CLANG_WARN_ENUM_CONVERSION = YES;
				CLANG_WARN_INFINITE_RECURSION = YES;
				CLANG_WARN_INT_CONVERSION = YES;
				CLANG_WARN_NON_LITERAL_NULL_CONVERSION = YES;
				CLANG_WARN_OBJC_IMPLICIT_RETAIN_SELF = YES;
				CLANG_WARN_OBJC_LITERAL_CONVERSION = YES;
				CLANG_WARN_OBJC_ROOT_CLASS = YES_ERROR;
				CLANG_WARN_QUOTED_INCLUDE_IN_FRAMEWORK_HEADER = YES;
				CLANG_WARN_RANGE_LOOP_ANALYSIS = YES;
				CLANG_WARN_STRICT_PROTOTYPES = YES;
				CLANG_WARN_SUSPICIOUS_MOVE = YES;
				CLANG_WARN_UNGUARDED_AVAILABILITY = YES_AGGRESSIVE;
				CLANG_WARN_UNREACHABLE_CODE = YES;
				CLANG_WARN__DUPLICATE_METHOD_MATCH = YES;
				COPY_PHASE_STRIP = NO;
				DEBUG_INFORMATION_FORMAT = dwarf;
				ENABLE_STRICT_OBJC_MSGSEND = YES;
				ENABLE_TESTABILITY = YES;
				ENABLE_USER_SCRIPT_SANDBOXING = YES;
				GCC_C_LANGUAGE_STANDARD = gnu17;
				GCC_DYNAMIC_NO_PIC = NO;
				GCC_NO_COMMON_BLOCKS = YES;
				GCC_OPTIMIZATION_LEVEL = 0;
				GCC_PREPROCESSOR_DEFINITIONS = (
					"DEBUG=1",
					"$(inherited)",
				);
				GCC_WARN_64_TO_32_BIT_CONVERSION = YES;
				GCC_WARN_ABOUT_RETURN_TYPE = YES_ERROR;
				GCC_WARN_UNDECLARED_SELECTOR = YES;
				GCC_WARN_UNINITIALIZED_AUTOS = YES_AGGRESSIVE;
				GCC_WARN_UNUSED_FUNCTION = YES;
				GCC_WARN_UNUSED_VARIABLE = YES;
				LOCALIZATION_PREFERS_STRING_CATALOGS = YES;
				MTL_ENABLE_DEBUG_INFO = INCLUDE_SOURCE;
				MTL_FAST_MATH = YES;
				ONLY_ACTIVE_ARCH = YES;
				SDKROOT = xros;
				SWIFT_ACTIVE_COMPILATION_CONDITIONS = "DEBUG $(inherited)";
				SWIFT_OPTIMIZATION_LEVEL = "-Onone";
				XROS_DEPLOYMENT_TARGET = 1.0;
			};
			name = Debug;
		};
		BB575E0D2B9106D400C4BCF8 /* Release */ = {
			isa = XCBuildConfiguration;
			buildSettings = {
				ALWAYS_SEARCH_USER_PATHS = NO;
				ASSETCATALOG_COMPILER_GENERATE_SWIFT_ASSET_SYMBOL_EXTENSIONS = YES;
				CLANG_ANALYZER_NONNULL = YES;
				CLANG_ANALYZER_NUMBER_OBJECT_CONVERSION = YES_AGGRESSIVE;
				CLANG_CXX_LANGUAGE_STANDARD = "gnu++20";
				CLANG_ENABLE_MODULES = YES;
				CLANG_ENABLE_OBJC_ARC = YES;
				CLANG_ENABLE_OBJC_WEAK = YES;
				CLANG_WARN_BLOCK_CAPTURE_AUTORELEASING = YES;
				CLANG_WARN_BOOL_CONVERSION = YES;
				CLANG_WARN_COMMA = YES;
				CLANG_WARN_CONSTANT_CONVERSION = YES;
				CLANG_WARN_DEPRECATED_OBJC_IMPLEMENTATIONS = YES;
				CLANG_WARN_DIRECT_OBJC_ISA_USAGE = YES_ERROR;
				CLANG_WARN_DOCUMENTATION_COMMENTS = YES;
				CLANG_WARN_EMPTY_BODY = YES;
				CLANG_WARN_ENUM_CONVERSION = YES;
				CLANG_WARN_INFINITE_RECURSION = YES;
				CLANG_WARN_INT_CONVERSION = YES;
				CLANG_WARN_NON_LITERAL_NULL_CONVERSION = YES;
				CLANG_WARN_OBJC_IMPLICIT_RETAIN_SELF = YES;
				CLANG_WARN_OBJC_LITERAL_CONVERSION = YES;
				CLANG_WARN_OBJC_ROOT_CLASS = YES_ERROR;
				CLANG_WARN_QUOTED_INCLUDE_IN_FRAMEWORK_HEADER = YES;
				CLANG_WARN_RANGE_LOOP_ANALYSIS = YES;
				CLANG_WARN_STRICT_PROTOTYPES = YES;
				CLANG_WARN_SUSPICIOUS_MOVE = YES;
				CLANG_WARN_UNGUARDED_AVAILABILITY = YES_AGGRESSIVE;
				CLANG_WARN_UNREACHABLE_CODE = YES;
				CLANG_WARN__DUPLICATE_METHOD_MATCH = YES;
				COPY_PHASE_STRIP = NO;
				DEBUG_INFORMATION_FORMAT = "dwarf-with-dsym";
				ENABLE_NS_ASSERTIONS = NO;
				ENABLE_STRICT_OBJC_MSGSEND = YES;
				ENABLE_USER_SCRIPT_SANDBOXING = YES;
				GCC_C_LANGUAGE_STANDARD = gnu17;
				GCC_NO_COMMON_BLOCKS = YES;
				GCC_WARN_64_TO_32_BIT_CONVERSION = YES;
				GCC_WARN_ABOUT_RETURN_TYPE = YES_ERROR;
				GCC_WARN_UNDECLARED_SELECTOR = YES;
				GCC_WARN_UNINITIALIZED_AUTOS = YES_AGGRESSIVE;
				GCC_WARN_UNUSED_FUNCTION = YES;
				GCC_WARN_UNUSED_VARIABLE = YES;
				LOCALIZATION_PREFERS_STRING_CATALOGS = YES;
				MTL_ENABLE_DEBUG_INFO = NO;
				MTL_FAST_MATH = YES;
				SDKROOT = xros;
				SWIFT_COMPILATION_MODE = wholemodule;
				VALIDATE_PRODUCT = YES;
				XROS_DEPLOYMENT_TARGET = 1.0;
			};
			name = Release;
		};
		BB575E0F2B9106D400C4BCF8 /* Debug */ = {
			isa = XCBuildConfiguration;
			buildSettings = {
				ASSETCATALOG_COMPILER_APPICON_NAME = AppIcon;
				ASSETCATALOG_COMPILER_GLOBAL_ACCENT_COLOR_NAME = AccentColor;
				CODE_SIGN_STYLE = Automatic;
				CURRENT_PROJECT_VERSION = 1;
				DEVELOPMENT_ASSET_PATHS = "\"Reto_Inicial/Preview Content\"";
				ENABLE_PREVIEWS = YES;
				GENERATE_INFOPLIST_FILE = YES;
				INFOPLIST_FILE = "$(TARGET_NAME)/Info.plist";
				LD_RUNPATH_SEARCH_PATHS = (
					"$(inherited)",
					"@executable_path/Frameworks",
				);
				MARKETING_VERSION = 1.0;
				PRODUCT_BUNDLE_IDENTIFIER = "com.itesm.Reto-Inicial";
				PRODUCT_NAME = "$(TARGET_NAME)";
				SUPPORTED_PLATFORMS = "xros xrsimulator";
				SWIFT_EMIT_LOC_STRINGS = YES;
				SWIFT_VERSION = 5.0;
				TARGETED_DEVICE_FAMILY = "1,2,7";
			};
			name = Debug;
		};
		BB575E102B9106D400C4BCF8 /* Release */ = {
			isa = XCBuildConfiguration;
			buildSettings = {
				ASSETCATALOG_COMPILER_APPICON_NAME = AppIcon;
				ASSETCATALOG_COMPILER_GLOBAL_ACCENT_COLOR_NAME = AccentColor;
				CODE_SIGN_STYLE = Automatic;
				CURRENT_PROJECT_VERSION = 1;
				DEVELOPMENT_ASSET_PATHS = "\"Reto_Inicial/Preview Content\"";
				ENABLE_PREVIEWS = YES;
				GENERATE_INFOPLIST_FILE = YES;
				INFOPLIST_FILE = "$(TARGET_NAME)/Info.plist";
				LD_RUNPATH_SEARCH_PATHS = (
					"$(inherited)",
					"@executable_path/Frameworks",
				);
				MARKETING_VERSION = 1.0;
				PRODUCT_BUNDLE_IDENTIFIER = "com.itesm.Reto-Inicial";
				PRODUCT_NAME = "$(TARGET_NAME)";
				SUPPORTED_PLATFORMS = "xros xrsimulator";
				SWIFT_EMIT_LOC_STRINGS = YES;
				SWIFT_VERSION = 5.0;
				TARGETED_DEVICE_FAMILY = "1,2,7";
			};
			name = Release;
		};
/* End XCBuildConfiguration section */

/* Begin XCConfigurationList section */
		BB575DF22B9106D300C4BCF8 /* Build configuration list for PBXProject "Reto_Inicial" */ = {
			isa = XCConfigurationList;
			buildConfigurations = (
				BB575E0C2B9106D400C4BCF8 /* Debug */,
				BB575E0D2B9106D400C4BCF8 /* Release */,
			);
			defaultConfigurationIsVisible = 0;
			defaultConfigurationName = Release;
		};
		BB575E0E2B9106D400C4BCF8 /* Build configuration list for PBXNativeTarget "Reto_Inicial" */ = {
			isa = XCConfigurationList;
			buildConfigurations = (
				BB575E0F2B9106D400C4BCF8 /* Debug */,
				BB575E102B9106D400C4BCF8 /* Release */,
			);
			defaultConfigurationIsVisible = 0;
			defaultConfigurationName = Release;
		};
/* End XCConfigurationList section */

/* Begin XCRemoteSwiftPackageReference section */
		20DA187C2BA42F7B005A1D11 /* XCRemoteSwiftPackageReference "Alamofire" */ = {
			isa = XCRemoteSwiftPackageReference;
			repositoryURL = "https://github.com/Alamofire/Alamofire.git";
			requirement = {
				kind = upToNextMajorVersion;
				minimumVersion = 5.9.0;
			};
		};
/* End XCRemoteSwiftPackageReference section */

/* Begin XCSwiftPackageProductDependency section */
		20DA187D2BA42F7B005A1D11 /* Alamofire */ = {
			isa = XCSwiftPackageProductDependency;
			package = 20DA187C2BA42F7B005A1D11 /* XCRemoteSwiftPackageReference "Alamofire" */;
			productName = Alamofire;
		};
		20DA187F2BA42F7B005A1D11 /* AlamofireDynamic */ = {
			isa = XCSwiftPackageProductDependency;
			package = 20DA187C2BA42F7B005A1D11 /* XCRemoteSwiftPackageReference "Alamofire" */;
			productName = AlamofireDynamic;
		};
		BB575DFC2B9106D300C4BCF8 /* RealityKitContent */ = {
			isa = XCSwiftPackageProductDependency;
			productName = RealityKitContent;
		};
/* End XCSwiftPackageProductDependency section */
	};
	rootObject = BB575DEF2B9106D300C4BCF8 /* Project object */;
}
