// !$*UTF8*$!
{
	archiveVersion = 1;
	classes = {
	};
	objectVersion = 56;
	objects = {

/* Begin PBXBuildFile section */
		20DA180E2BA4068C005A1D11 /* RealityKitContent in Frameworks */ = {isa = PBXBuildFile; productRef = 20DA180D2BA4068C005A1D11 /* RealityKitContent */; };
		20DA18102BA4068C005A1D11 /* ChatGPTAppApp.swift in Sources */ = {isa = PBXBuildFile; fileRef = 20DA180F2BA4068C005A1D11 /* ChatGPTAppApp.swift */; };
		20DA18122BA4068C005A1D11 /* ChatView.swift in Sources */ = {isa = PBXBuildFile; fileRef = 20DA18112BA4068C005A1D11 /* ChatView.swift */; };
		20DA18142BA4068C005A1D11 /* ImmersiveView.swift in Sources */ = {isa = PBXBuildFile; fileRef = 20DA18132BA4068C005A1D11 /* ImmersiveView.swift */; };
		20DA18162BA4068C005A1D11 /* ImageBasedLighting.skybox in Resources */ = {isa = PBXBuildFile; fileRef = 20DA18152BA4068C005A1D11 /* ImageBasedLighting.skybox */; };
		20DA18182BA4068D005A1D11 /* Assets.xcassets in Resources */ = {isa = PBXBuildFile; fileRef = 20DA18172BA4068D005A1D11 /* Assets.xcassets */; };
		20DA181B2BA4068D005A1D11 /* Preview Assets.xcassets in Resources */ = {isa = PBXBuildFile; fileRef = 20DA181A2BA4068D005A1D11 /* Preview Assets.xcassets */; };
		20DA18232BA40890005A1D11 /* ChatViewModel.swift in Sources */ = {isa = PBXBuildFile; fileRef = 20DA18222BA40890005A1D11 /* ChatViewModel.swift */; };
		20DA18252BA408EF005A1D11 /* Constants.swift in Sources */ = {isa = PBXBuildFile; fileRef = 20DA18242BA408EF005A1D11 /* Constants.swift */; };
		20DA18272BA4091B005A1D11 /* OpenAIService.swift in Sources */ = {isa = PBXBuildFile; fileRef = 20DA18262BA4091B005A1D11 /* OpenAIService.swift */; };
		20DA182A2BA40930005A1D11 /* Alamofire in Frameworks */ = {isa = PBXBuildFile; productRef = 20DA18292BA40930005A1D11 /* Alamofire */; };
		20DA182C2BA40930005A1D11 /* AlamofireDynamic in Frameworks */ = {isa = PBXBuildFile; productRef = 20DA182B2BA40930005A1D11 /* AlamofireDynamic */; };
		20DA182E2BA40989005A1D11 /* Logo.png in Resources */ = {isa = PBXBuildFile; fileRef = 20DA182D2BA40989005A1D11 /* Logo.png */; };
/* End PBXBuildFile section */

/* Begin PBXFileReference section */
		20DA18082BA4068C005A1D11 /* ChatGPTApp.app */ = {isa = PBXFileReference; explicitFileType = wrapper.application; includeInIndex = 0; path = ChatGPTApp.app; sourceTree = BUILT_PRODUCTS_DIR; };
		20DA180C2BA4068C005A1D11 /* RealityKitContent */ = {isa = PBXFileReference; lastKnownFileType = wrapper; path = RealityKitContent; sourceTree = "<group>"; };
		20DA180F2BA4068C005A1D11 /* ChatGPTAppApp.swift */ = {isa = PBXFileReference; lastKnownFileType = sourcecode.swift; path = ChatGPTAppApp.swift; sourceTree = "<group>"; };
		20DA18112BA4068C005A1D11 /* ChatView.swift */ = {isa = PBXFileReference; lastKnownFileType = sourcecode.swift; path = ChatView.swift; sourceTree = "<group>"; };
		20DA18132BA4068C005A1D11 /* ImmersiveView.swift */ = {isa = PBXFileReference; lastKnownFileType = sourcecode.swift; path = ImmersiveView.swift; sourceTree = "<group>"; };
		20DA18152BA4068C005A1D11 /* ImageBasedLighting.skybox */ = {isa = PBXFileReference; lastKnownFileType = file.skybox; path = ImageBasedLighting.skybox; sourceTree = "<group>"; };
		20DA18172BA4068D005A1D11 /* Assets.xcassets */ = {isa = PBXFileReference; lastKnownFileType = folder.assetcatalog; path = Assets.xcassets; sourceTree = "<group>"; };
		20DA181A2BA4068D005A1D11 /* Preview Assets.xcassets */ = {isa = PBXFileReference; lastKnownFileType = folder.assetcatalog; path = "Preview Assets.xcassets"; sourceTree = "<group>"; };
		20DA181C2BA4068D005A1D11 /* Info.plist */ = {isa = PBXFileReference; lastKnownFileType = text.plist.xml; path = Info.plist; sourceTree = "<group>"; };
		20DA18222BA40890005A1D11 /* ChatViewModel.swift */ = {isa = PBXFileReference; lastKnownFileType = sourcecode.swift; path = ChatViewModel.swift; sourceTree = "<group>"; };
		20DA18242BA408EF005A1D11 /* Constants.swift */ = {isa = PBXFileReference; lastKnownFileType = sourcecode.swift; path = Constants.swift; sourceTree = "<group>"; };
		20DA18262BA4091B005A1D11 /* OpenAIService.swift */ = {isa = PBXFileReference; lastKnownFileType = sourcecode.swift; path = OpenAIService.swift; sourceTree = "<group>"; };
		20DA182D2BA40989005A1D11 /* Logo.png */ = {isa = PBXFileReference; lastKnownFileType = image.png; path = Logo.png; sourceTree = "<group>"; };
/* End PBXFileReference section */

/* Begin PBXFrameworksBuildPhase section */
		20DA18052BA4068C005A1D11 /* Frameworks */ = {
			isa = PBXFrameworksBuildPhase;
			buildActionMask = 2147483647;
			files = (
				20DA180E2BA4068C005A1D11 /* RealityKitContent in Frameworks */,
				20DA182C2BA40930005A1D11 /* AlamofireDynamic in Frameworks */,
				20DA182A2BA40930005A1D11 /* Alamofire in Frameworks */,
			);
			runOnlyForDeploymentPostprocessing = 0;
		};
/* End PBXFrameworksBuildPhase section */

/* Begin PBXGroup section */
		20DA17FF2BA4068C005A1D11 = {
			isa = PBXGroup;
			children = (
				20DA180A2BA4068C005A1D11 /* ChatGPTApp */,
				20DA180B2BA4068C005A1D11 /* Packages */,
				20DA18092BA4068C005A1D11 /* Products */,
			);
			sourceTree = "<group>";
		};
		20DA18092BA4068C005A1D11 /* Products */ = {
			isa = PBXGroup;
			children = (
				20DA18082BA4068C005A1D11 /* ChatGPTApp.app */,
			);
			name = Products;
			sourceTree = "<group>";
		};
		20DA180A2BA4068C005A1D11 /* ChatGPTApp */ = {
			isa = PBXGroup;
			children = (
				20DA180F2BA4068C005A1D11 /* ChatGPTAppApp.swift */,
				20DA18112BA4068C005A1D11 /* ChatView.swift */,
				20DA18262BA4091B005A1D11 /* OpenAIService.swift */,
				20DA18242BA408EF005A1D11 /* Constants.swift */,
				20DA18222BA40890005A1D11 /* ChatViewModel.swift */,
				20DA18132BA4068C005A1D11 /* ImmersiveView.swift */,
				20DA18152BA4068C005A1D11 /* ImageBasedLighting.skybox */,
				20DA18172BA4068D005A1D11 /* Assets.xcassets */,
				20DA182D2BA40989005A1D11 /* Logo.png */,
				20DA181C2BA4068D005A1D11 /* Info.plist */,
				20DA18192BA4068D005A1D11 /* Preview Content */,
			);
			path = ChatGPTApp;
			sourceTree = "<group>";
		};
		20DA180B2BA4068C005A1D11 /* Packages */ = {
			isa = PBXGroup;
			children = (
				20DA180C2BA4068C005A1D11 /* RealityKitContent */,
			);
			path = Packages;
			sourceTree = "<group>";
		};
		20DA18192BA4068D005A1D11 /* Preview Content */ = {
			isa = PBXGroup;
			children = (
				20DA181A2BA4068D005A1D11 /* Preview Assets.xcassets */,
			);
			path = "Preview Content";
			sourceTree = "<group>";
		};
/* End PBXGroup section */

/* Begin PBXNativeTarget section */
		20DA18072BA4068C005A1D11 /* ChatGPTApp */ = {
			isa = PBXNativeTarget;
			buildConfigurationList = 20DA181F2BA4068D005A1D11 /* Build configuration list for PBXNativeTarget "ChatGPTApp" */;
			buildPhases = (
				20DA18042BA4068C005A1D11 /* Sources */,
				20DA18052BA4068C005A1D11 /* Frameworks */,
				20DA18062BA4068C005A1D11 /* Resources */,
			);
			buildRules = (
			);
			dependencies = (
			);
			name = ChatGPTApp;
			packageProductDependencies = (
				20DA180D2BA4068C005A1D11 /* RealityKitContent */,
				20DA18292BA40930005A1D11 /* Alamofire */,
				20DA182B2BA40930005A1D11 /* AlamofireDynamic */,
			);
			productName = ChatGPTApp;
			productReference = 20DA18082BA4068C005A1D11 /* ChatGPTApp.app */;
			productType = "com.apple.product-type.application";
		};
/* End PBXNativeTarget section */

/* Begin PBXProject section */
		20DA18002BA4068C005A1D11 /* Project object */ = {
			isa = PBXProject;
			attributes = {
				BuildIndependentTargetsInParallel = 1;
				LastSwiftUpdateCheck = 1520;
				LastUpgradeCheck = 1520;
				TargetAttributes = {
					20DA18072BA4068C005A1D11 = {
						CreatedOnToolsVersion = 15.2;
					};
				};
			};
			buildConfigurationList = 20DA18032BA4068C005A1D11 /* Build configuration list for PBXProject "ChatGPTApp" */;
			compatibilityVersion = "Xcode 14.0";
			developmentRegion = en;
			hasScannedForEncodings = 0;
			knownRegions = (
				en,
				Base,
			);
			mainGroup = 20DA17FF2BA4068C005A1D11;
			packageReferences = (
				20DA18282BA40930005A1D11 /* XCRemoteSwiftPackageReference "Alamofire" */,
			);
			productRefGroup = 20DA18092BA4068C005A1D11 /* Products */;
			projectDirPath = "";
			projectRoot = "";
			targets = (
				20DA18072BA4068C005A1D11 /* ChatGPTApp */,
			);
		};
/* End PBXProject section */

/* Begin PBXResourcesBuildPhase section */
		20DA18062BA4068C005A1D11 /* Resources */ = {
			isa = PBXResourcesBuildPhase;
			buildActionMask = 2147483647;
			files = (
				20DA182E2BA40989005A1D11 /* Logo.png in Resources */,
				20DA18182BA4068D005A1D11 /* Assets.xcassets in Resources */,
				20DA181B2BA4068D005A1D11 /* Preview Assets.xcassets in Resources */,
				20DA18162BA4068C005A1D11 /* ImageBasedLighting.skybox in Resources */,
			);
			runOnlyForDeploymentPostprocessing = 0;
		};
/* End PBXResourcesBuildPhase section */

/* Begin PBXSourcesBuildPhase section */
		20DA18042BA4068C005A1D11 /* Sources */ = {
			isa = PBXSourcesBuildPhase;
			buildActionMask = 2147483647;
			files = (
				20DA18252BA408EF005A1D11 /* Constants.swift in Sources */,
				20DA18122BA4068C005A1D11 /* ChatView.swift in Sources */,
				20DA18102BA4068C005A1D11 /* ChatGPTAppApp.swift in Sources */,
				20DA18232BA40890005A1D11 /* ChatViewModel.swift in Sources */,
				20DA18142BA4068C005A1D11 /* ImmersiveView.swift in Sources */,
				20DA18272BA4091B005A1D11 /* OpenAIService.swift in Sources */,
			);
			runOnlyForDeploymentPostprocessing = 0;
		};
/* End PBXSourcesBuildPhase section */

/* Begin XCBuildConfiguration section */
		20DA181D2BA4068D005A1D11 /* Debug */ = {
			isa = XCBuildConfiguration;
			buildSettings = {
				ALWAYS_SEARCH_USER_PATHS = NO;
				ASSETCATALOG_COMPILER_GENERATE_SWIFT_ASSET_SYMBOL_EXTENSIONS = YES;
				CLANG_ANALYZER_NONNULL = YES;
				CLANG_ANALYZER_NUMBER_OBJECT_CONVERSION = YES_AGGRESSIVE;
				CLANG_CXX_LANGUAGE_STANDARD = "gnu++20";
				CLANG_ENABLE_MODULES = YES;
				CLANG_ENABLE_OBJC_ARC = YES;
				CLANG_ENABLE_OBJC_WEAK = YES;
				CLANG_WARN_BLOCK_CAPTURE_AUTORELEASING = YES;
				CLANG_WARN_BOOL_CONVERSION = YES;
				CLANG_WARN_COMMA = YES;
				CLANG_WARN_CONSTANT_CONVERSION = YES;
				CLANG_WARN_DEPRECATED_OBJC_IMPLEMENTATIONS = YES;
				CLANG_WARN_DIRECT_OBJC_ISA_USAGE = YES_ERROR;
				CLANG_WARN_DOCUMENTATION_COMMENTS = YES;
				CLANG_WARN_EMPTY_BODY = YES;
				CLANG_WARN_ENUM_CONVERSION = YES;
				CLANG_WARN_INFINITE_RECURSION = YES;
				CLANG_WARN_INT_CONVERSION = YES;
				CLANG_WARN_NON_LITERAL_NULL_CONVERSION = YES;
				CLANG_WARN_OBJC_IMPLICIT_RETAIN_SELF = YES;
				CLANG_WARN_OBJC_LITERAL_CONVERSION = YES;
				CLANG_WARN_OBJC_ROOT_CLASS = YES_ERROR;
				CLANG_WARN_QUOTED_INCLUDE_IN_FRAMEWORK_HEADER = YES;
				CLANG_WARN_RANGE_LOOP_ANALYSIS = YES;
				CLANG_WARN_STRICT_PROTOTYPES = YES;
				CLANG_WARN_SUSPICIOUS_MOVE = YES;
				CLANG_WARN_UNGUARDED_AVAILABILITY = YES_AGGRESSIVE;
				CLANG_WARN_UNREACHABLE_CODE = YES;
				CLANG_WARN__DUPLICATE_METHOD_MATCH = YES;
				COPY_PHASE_STRIP = NO;
				DEBUG_INFORMATION_FORMAT = dwarf;
				ENABLE_STRICT_OBJC_MSGSEND = YES;
				ENABLE_TESTABILITY = YES;
				ENABLE_USER_SCRIPT_SANDBOXING = YES;
				GCC_C_LANGUAGE_STANDARD = gnu17;
				GCC_DYNAMIC_NO_PIC = NO;
				GCC_NO_COMMON_BLOCKS = YES;
				GCC_OPTIMIZATION_LEVEL = 0;
				GCC_PREPROCESSOR_DEFINITIONS = (
					"DEBUG=1",
					"$(inherited)",
				);
				GCC_WARN_64_TO_32_BIT_CONVERSION = YES;
				GCC_WARN_ABOUT_RETURN_TYPE = YES_ERROR;
				GCC_WARN_UNDECLARED_SELECTOR = YES;
				GCC_WARN_UNINITIALIZED_AUTOS = YES_AGGRESSIVE;
				GCC_WARN_UNUSED_FUNCTION = YES;
				GCC_WARN_UNUSED_VARIABLE = YES;
				LOCALIZATION_PREFERS_STRING_CATALOGS = YES;
				MTL_ENABLE_DEBUG_INFO = INCLUDE_SOURCE;
				MTL_FAST_MATH = YES;
				ONLY_ACTIVE_ARCH = YES;
				SDKROOT = xros;
				SWIFT_ACTIVE_COMPILATION_CONDITIONS = "DEBUG $(inherited)";
				SWIFT_OPTIMIZATION_LEVEL = "-Onone";
				XROS_DEPLOYMENT_TARGET = 1.0;
			};
			name = Debug;
		};
		20DA181E2BA4068D005A1D11 /* Release */ = {
			isa = XCBuildConfiguration;
			buildSettings = {
				ALWAYS_SEARCH_USER_PATHS = NO;
				ASSETCATALOG_COMPILER_GENERATE_SWIFT_ASSET_SYMBOL_EXTENSIONS = YES;
				CLANG_ANALYZER_NONNULL = YES;
				CLANG_ANALYZER_NUMBER_OBJECT_CONVERSION = YES_AGGRESSIVE;
				CLANG_CXX_LANGUAGE_STANDARD = "gnu++20";
				CLANG_ENABLE_MODULES = YES;
				CLANG_ENABLE_OBJC_ARC = YES;
				CLANG_ENABLE_OBJC_WEAK = YES;
				CLANG_WARN_BLOCK_CAPTURE_AUTORELEASING = YES;
				CLANG_WARN_BOOL_CONVERSION = YES;
				CLANG_WARN_COMMA = YES;
				CLANG_WARN_CONSTANT_CONVERSION = YES;
				CLANG_WARN_DEPRECATED_OBJC_IMPLEMENTATIONS = YES;
				CLANG_WARN_DIRECT_OBJC_ISA_USAGE = YES_ERROR;
				CLANG_WARN_DOCUMENTATION_COMMENTS = YES;
				CLANG_WARN_EMPTY_BODY = YES;
				CLANG_WARN_ENUM_CONVERSION = YES;
				CLANG_WARN_INFINITE_RECURSION = YES;
				CLANG_WARN_INT_CONVERSION = YES;
				CLANG_WARN_NON_LITERAL_NULL_CONVERSION = YES;
				CLANG_WARN_OBJC_IMPLICIT_RETAIN_SELF = YES;
				CLANG_WARN_OBJC_LITERAL_CONVERSION = YES;
				CLANG_WARN_OBJC_ROOT_CLASS = YES_ERROR;
				CLANG_WARN_QUOTED_INCLUDE_IN_FRAMEWORK_HEADER = YES;
				CLANG_WARN_RANGE_LOOP_ANALYSIS = YES;
				CLANG_WARN_STRICT_PROTOTYPES = YES;
				CLANG_WARN_SUSPICIOUS_MOVE = YES;
				CLANG_WARN_UNGUARDED_AVAILABILITY = YES_AGGRESSIVE;
				CLANG_WARN_UNREACHABLE_CODE = YES;
				CLANG_WARN__DUPLICATE_METHOD_MATCH = YES;
				COPY_PHASE_STRIP = NO;
				DEBUG_INFORMATION_FORMAT = "dwarf-with-dsym";
				ENABLE_NS_ASSERTIONS = NO;
				ENABLE_STRICT_OBJC_MSGSEND = YES;
				ENABLE_USER_SCRIPT_SANDBOXING = YES;
				GCC_C_LANGUAGE_STANDARD = gnu17;
				GCC_NO_COMMON_BLOCKS = YES;
				GCC_WARN_64_TO_32_BIT_CONVERSION = YES;
				GCC_WARN_ABOUT_RETURN_TYPE = YES_ERROR;
				GCC_WARN_UNDECLARED_SELECTOR = YES;
				GCC_WARN_UNINITIALIZED_AUTOS = YES_AGGRESSIVE;
				GCC_WARN_UNUSED_FUNCTION = YES;
				GCC_WARN_UNUSED_VARIABLE = YES;
				LOCALIZATION_PREFERS_STRING_CATALOGS = YES;
				MTL_ENABLE_DEBUG_INFO = NO;
				MTL_FAST_MATH = YES;
				SDKROOT = xros;
				SWIFT_COMPILATION_MODE = wholemodule;
				VALIDATE_PRODUCT = YES;
				XROS_DEPLOYMENT_TARGET = 1.0;
			};
			name = Release;
		};
		20DA18202BA4068D005A1D11 /* Debug */ = {
			isa = XCBuildConfiguration;
			buildSettings = {
				ASSETCATALOG_COMPILER_APPICON_NAME = AppIcon;
				ASSETCATALOG_COMPILER_GLOBAL_ACCENT_COLOR_NAME = AccentColor;
				CODE_SIGN_STYLE = Automatic;
				CURRENT_PROJECT_VERSION = 1;
				DEVELOPMENT_ASSET_PATHS = "\"ChatGPTApp/Preview Content\"";
				DEVELOPMENT_TEAM = S8PH2JJCJ9;
				ENABLE_PREVIEWS = YES;
				GENERATE_INFOPLIST_FILE = YES;
				INFOPLIST_FILE = "$(TARGET_NAME)/Info.plist";
				LD_RUNPATH_SEARCH_PATHS = (
					"$(inherited)",
					"@executable_path/Frameworks",
				);
				MARKETING_VERSION = 1.0;
				PRODUCT_BUNDLE_IDENTIFIER = com.itesm.ChatGPTApp;
				PRODUCT_NAME = "$(TARGET_NAME)";
				SUPPORTED_PLATFORMS = "xros xrsimulator";
				SWIFT_EMIT_LOC_STRINGS = YES;
				SWIFT_VERSION = 5.0;
				TARGETED_DEVICE_FAMILY = "1,2,7";
			};
			name = Debug;
		};
		20DA18212BA4068D005A1D11 /* Release */ = {
			isa = XCBuildConfiguration;
			buildSettings = {
				ASSETCATALOG_COMPILER_APPICON_NAME = AppIcon;
				ASSETCATALOG_COMPILER_GLOBAL_ACCENT_COLOR_NAME = AccentColor;
				CODE_SIGN_STYLE = Automatic;
				CURRENT_PROJECT_VERSION = 1;
				DEVELOPMENT_ASSET_PATHS = "\"ChatGPTApp/Preview Content\"";
				DEVELOPMENT_TEAM = S8PH2JJCJ9;
				ENABLE_PREVIEWS = YES;
				GENERATE_INFOPLIST_FILE = YES;
				INFOPLIST_FILE = "$(TARGET_NAME)/Info.plist";
				LD_RUNPATH_SEARCH_PATHS = (
					"$(inherited)",
					"@executable_path/Frameworks",
				);
				MARKETING_VERSION = 1.0;
				PRODUCT_BUNDLE_IDENTIFIER = com.itesm.ChatGPTApp;
				PRODUCT_NAME = "$(TARGET_NAME)";
				SUPPORTED_PLATFORMS = "xros xrsimulator";
				SWIFT_EMIT_LOC_STRINGS = YES;
				SWIFT_VERSION = 5.0;
				TARGETED_DEVICE_FAMILY = "1,2,7";
			};
			name = Release;
		};
/* End XCBuildConfiguration section */

/* Begin XCConfigurationList section */
		20DA18032BA4068C005A1D11 /* Build configuration list for PBXProject "ChatGPTApp" */ = {
			isa = XCConfigurationList;
			buildConfigurations = (
				20DA181D2BA4068D005A1D11 /* Debug */,
				20DA181E2BA4068D005A1D11 /* Release */,
			);
			defaultConfigurationIsVisible = 0;
			defaultConfigurationName = Release;
		};
		20DA181F2BA4068D005A1D11 /* Build configuration list for PBXNativeTarget "ChatGPTApp" */ = {
			isa = XCConfigurationList;
			buildConfigurations = (
				20DA18202BA4068D005A1D11 /* Debug */,
				20DA18212BA4068D005A1D11 /* Release */,
			);
			defaultConfigurationIsVisible = 0;
			defaultConfigurationName = Release;
		};
/* End XCConfigurationList section */

/* Begin XCRemoteSwiftPackageReference section */
		20DA18282BA40930005A1D11 /* XCRemoteSwiftPackageReference "Alamofire" */ = {
			isa = XCRemoteSwiftPackageReference;
			repositoryURL = "https://github.com/Alamofire/Alamofire.git";
			requirement = {
				kind = upToNextMajorVersion;
				minimumVersion = 5.9.0;
			};
		};
/* End XCRemoteSwiftPackageReference section */

/* Begin XCSwiftPackageProductDependency section */
		20DA180D2BA4068C005A1D11 /* RealityKitContent */ = {
			isa = XCSwiftPackageProductDependency;
			productName = RealityKitContent;
		};
		20DA18292BA40930005A1D11 /* Alamofire */ = {
			isa = XCSwiftPackageProductDependency;
			package = 20DA18282BA40930005A1D11 /* XCRemoteSwiftPackageReference "Alamofire" */;
			productName = Alamofire;
		};
		20DA182B2BA40930005A1D11 /* AlamofireDynamic */ = {
			isa = XCSwiftPackageProductDependency;
			package = 20DA18282BA40930005A1D11 /* XCRemoteSwiftPackageReference "Alamofire" */;
			productName = AlamofireDynamic;
		};
/* End XCSwiftPackageProductDependency section */
	};
	rootObject = 20DA18002BA4068C005A1D11 /* Project object */;
}
